
Microsoft Visual Studio Solution File, Format Version 12.00
# Visual Studio Version 16
VisualStudioVersion = 16.0.30114.105
MinimumVisualStudioVersion = 10.0.40219.1
Project("{9A19103F-16F7-4668-BE54-9A1E7A4F7556}") = "PrestamosManagement", "PrestamosManagement.csproj", "{9665C214-F649-4192-A399-C0F30B6757D0}"
EndProject
Project("{9A19103F-16F7-4668-BE54-9A1E7A4F7556}") = "PrestamosManagementTests", "..\PrestamosManagementTests\PrestamosManagementTests.csproj", "{D0003258-6B1F-4CC9-BA74-77FA28DC009A}"
EndProject
Project("{FAE04EC0-301F-11D3-BF4B-00C04F79EFBC}") = "Api", "..\Api\Api.csproj", "{A2274CB7-025B-4BE2-BADF-14FF20D79111}"
EndProject
Global
	GlobalSection(SolutionConfigurationPlatforms) = preSolution
		Debug|Any CPU = Debug|Any CPU
		Release|Any CPU = Release|Any CPU
	EndGlobalSection
	GlobalSection(ProjectConfigurationPlatforms) = postSolution
		{9665C214-F649-4192-A399-C0F30B6757D0}.Debug|Any CPU.ActiveCfg = Debug|Any CPU
		{9665C214-F649-4192-A399-C0F30B6757D0}.Debug|Any CPU.Build.0 = Debug|Any CPU
		{9665C214-F649-4192-A399-C0F30B6757D0}.Release|Any CPU.ActiveCfg = Release|Any CPU
		{9665C214-F649-4192-A399-C0F30B6757D0}.Release|Any CPU.Build.0 = Release|Any CPU
		{D0003258-6B1F-4CC9-BA74-77FA28DC009A}.Debug|Any CPU.ActiveCfg = Debug|Any CPU
		{D0003258-6B1F-4CC9-BA74-77FA28DC009A}.Debug|Any CPU.Build.0 = Debug|Any CPU
		{D0003258-6B1F-4CC9-BA74-77FA28DC009A}.Release|Any CPU.ActiveCfg = Release|Any CPU
		{D0003258-6B1F-4CC9-BA74-77FA28DC009A}.Release|Any CPU.Build.0 = Release|Any CPU
		{A2274CB7-025B-4BE2-BADF-14FF20D79111}.Debug|Any CPU.ActiveCfg = Debug|Any CPU
		{A2274CB7-025B-4BE2-BADF-14FF20D79111}.Debug|Any CPU.Build.0 = Debug|Any CPU
		{A2274CB7-025B-4BE2-BADF-14FF20D79111}.Release|Any CPU.ActiveCfg = Release|Any CPU
		{A2274CB7-025B-4BE2-BADF-14FF20D79111}.Release|Any CPU.Build.0 = Release|Any CPU
	EndGlobalSection
	GlobalSection(SolutionProperties) = preSolution
		HideSolutionNode = FALSE
	EndGlobalSection
	GlobalSection(ExtensibilityGlobals) = postSolution
		SolutionGuid = {A6B11421-C3AA-447B-A1D2-930A28D026DF}
	EndGlobalSection
EndGlobal
